
Microsoft Visual Studio Solution File, Format Version 12.00
# Visual Studio 15
VisualStudioVersion = 15.0.27130.2027
MinimumVisualStudioVersion = 10.0.40219.1
Project("{FAE04EC0-301F-11D3-BF4B-00C04F79EFBC}") = "F2Ex4", "FEx4\F2Ex4.csproj", "{D4265F43-8E12-456C-BF9A-1797E2FABB39}"
EndProject
Global
	GlobalSection(SolutionConfigurationPlatforms) = preSolution
		Debug|Any CPU = Debug|Any CPU
		Release|Any CPU = Release|Any CPU
	EndGlobalSection
	GlobalSection(ProjectConfigurationPlatforms) = postSolution
		{D4265F43-8E12-456C-BF9A-1797E2FABB39}.Debug|Any CPU.ActiveCfg = Debug|Any CPU
		{D4265F43-8E12-456C-BF9A-1797E2FABB39}.Debug|Any CPU.Build.0 = Debug|Any CPU
		{D4265F43-8E12-456C-BF9A-1797E2FABB39}.Release|Any CPU.ActiveCfg = Release|Any CPU
		{D4265F43-8E12-456C-BF9A-1797E2FABB39}.Release|Any CPU.Build.0 = Release|Any CPU
	EndGlobalSection
	GlobalSection(SolutionProperties) = preSolution
		HideSolutionNode = FALSE
	EndGlobalSection
	GlobalSection(ExtensibilityGlobals) = postSolution
		SolutionGuid = {31FB9F50-BA3E-44F4-B007-D1865A2786CA}
	EndGlobalSection
EndGlobal
